// !$*UTF8*$!
{
	archiveVersion = 1;
	classes = {
	};
	objectVersion = 55;
	objects = {

/* Begin PBXBuildFile section */
		F967591929AB922A00C79CBF /* FileManager-DocumentsDirectory.swift in Sources */ = {isa = PBXBuildFile; fileRef = F967591829AB922A00C79CBF /* FileManager-DocumentsDirectory.swift */; };
		F9BFD6B829AA791D003E1EA1 /* HotProspectApp.swift in Sources */ = {isa = PBXBuildFile; fileRef = F9BFD6B729AA791D003E1EA1 /* HotProspectApp.swift */; };
		F9BFD6BA29AA791D003E1EA1 /* ContentView.swift in Sources */ = {isa = PBXBuildFile; fileRef = F9BFD6B929AA791D003E1EA1 /* ContentView.swift */; };
		F9BFD6BC29AA7921003E1EA1 /* Assets.xcassets in Resources */ = {isa = PBXBuildFile; fileRef = F9BFD6BB29AA7921003E1EA1 /* Assets.xcassets */; };
		F9BFD6BF29AA7921003E1EA1 /* Preview Assets.xcassets in Resources */ = {isa = PBXBuildFile; fileRef = F9BFD6BE29AA7921003E1EA1 /* Preview Assets.xcassets */; };
		F9BFD6C729AB71D7003E1EA1 /* SamplePackage in Frameworks */ = {isa = PBXBuildFile; productRef = F9BFD6C629AB71D7003E1EA1 /* SamplePackage */; };
		F9BFD6C929AB7395003E1EA1 /* ProspectsView.swift in Sources */ = {isa = PBXBuildFile; fileRef = F9BFD6C829AB7395003E1EA1 /* ProspectsView.swift */; };
		F9BFD6CB29AB739E003E1EA1 /* MeView.swift in Sources */ = {isa = PBXBuildFile; fileRef = F9BFD6CA29AB739E003E1EA1 /* MeView.swift */; };
		F9BFD6CD29AB7518003E1EA1 /* Prospect.swift in Sources */ = {isa = PBXBuildFile; fileRef = F9BFD6CC29AB7518003E1EA1 /* Prospect.swift */; };
		F9BFD6D029AB7BE2003E1EA1 /* CodeScanner in Frameworks */ = {isa = PBXBuildFile; productRef = F9BFD6CF29AB7BE2003E1EA1 /* CodeScanner */; };
		F9BFD6D229AB810A003E1EA1 /* ImageSaver.swift in Sources */ = {isa = PBXBuildFile; fileRef = F9BFD6D129AB810A003E1EA1 /* ImageSaver.swift */; };
/* End PBXBuildFile section */

/* Begin PBXFileReference section */
		F967591829AB922A00C79CBF /* FileManager-DocumentsDirectory.swift */ = {isa = PBXFileReference; lastKnownFileType = sourcecode.swift; path = "FileManager-DocumentsDirectory.swift"; sourceTree = "<group>"; };
		F9BFD6B429AA791D003E1EA1 /* HotProspect.app */ = {isa = PBXFileReference; explicitFileType = wrapper.application; includeInIndex = 0; path = HotProspect.app; sourceTree = BUILT_PRODUCTS_DIR; };
		F9BFD6B729AA791D003E1EA1 /* HotProspectApp.swift */ = {isa = PBXFileReference; lastKnownFileType = sourcecode.swift; path = HotProspectApp.swift; sourceTree = "<group>"; };
		F9BFD6B929AA791D003E1EA1 /* ContentView.swift */ = {isa = PBXFileReference; lastKnownFileType = sourcecode.swift; path = ContentView.swift; sourceTree = "<group>"; };
		F9BFD6BB29AA7921003E1EA1 /* Assets.xcassets */ = {isa = PBXFileReference; lastKnownFileType = folder.assetcatalog; path = Assets.xcassets; sourceTree = "<group>"; };
		F9BFD6BE29AA7921003E1EA1 /* Preview Assets.xcassets */ = {isa = PBXFileReference; lastKnownFileType = folder.assetcatalog; path = "Preview Assets.xcassets"; sourceTree = "<group>"; };
		F9BFD6C829AB7395003E1EA1 /* ProspectsView.swift */ = {isa = PBXFileReference; lastKnownFileType = sourcecode.swift; path = ProspectsView.swift; sourceTree = "<group>"; };
		F9BFD6CA29AB739E003E1EA1 /* MeView.swift */ = {isa = PBXFileReference; lastKnownFileType = sourcecode.swift; path = MeView.swift; sourceTree = "<group>"; };
		F9BFD6CC29AB7518003E1EA1 /* Prospect.swift */ = {isa = PBXFileReference; lastKnownFileType = sourcecode.swift; path = Prospect.swift; sourceTree = "<group>"; };
		F9BFD6D129AB810A003E1EA1 /* ImageSaver.swift */ = {isa = PBXFileReference; lastKnownFileType = sourcecode.swift; path = ImageSaver.swift; sourceTree = "<group>"; };
/* End PBXFileReference section */

/* Begin PBXFrameworksBuildPhase section */
		F9BFD6B129AA791D003E1EA1 /* Frameworks */ = {
			isa = PBXFrameworksBuildPhase;
			buildActionMask = 2147483647;
			files = (
				F9BFD6D029AB7BE2003E1EA1 /* CodeScanner in Frameworks */,
				F9BFD6C729AB71D7003E1EA1 /* SamplePackage in Frameworks */,
			);
			runOnlyForDeploymentPostprocessing = 0;
		};
/* End PBXFrameworksBuildPhase section */

/* Begin PBXGroup section */
		F9BFD6AB29AA791D003E1EA1 = {
			isa = PBXGroup;
			children = (
				F9BFD6B629AA791D003E1EA1 /* HotProspect */,
				F9BFD6B529AA791D003E1EA1 /* Products */,
			);
			sourceTree = "<group>";
		};
		F9BFD6B529AA791D003E1EA1 /* Products */ = {
			isa = PBXGroup;
			children = (
				F9BFD6B429AA791D003E1EA1 /* HotProspect.app */,
			);
			name = Products;
			sourceTree = "<group>";
		};
		F9BFD6B629AA791D003E1EA1 /* HotProspect */ = {
			isa = PBXGroup;
			children = (
				F9BFD6B729AA791D003E1EA1 /* HotProspectApp.swift */,
				F9BFD6B929AA791D003E1EA1 /* ContentView.swift */,
				F9BFD6C829AB7395003E1EA1 /* ProspectsView.swift */,
				F9BFD6CC29AB7518003E1EA1 /* Prospect.swift */,
				F9BFD6CA29AB739E003E1EA1 /* MeView.swift */,
				F9BFD6D129AB810A003E1EA1 /* ImageSaver.swift */,
				F967591829AB922A00C79CBF /* FileManager-DocumentsDirectory.swift */,
				F9BFD6BB29AA7921003E1EA1 /* Assets.xcassets */,
				F9BFD6BD29AA7921003E1EA1 /* Preview Content */,
			);
			path = HotProspect;
			sourceTree = "<group>";
		};
		F9BFD6BD29AA7921003E1EA1 /* Preview Content */ = {
			isa = PBXGroup;
			children = (
				F9BFD6BE29AA7921003E1EA1 /* Preview Assets.xcassets */,
			);
			path = "Preview Content";
			sourceTree = "<group>";
		};
/* End PBXGroup section */

/* Begin PBXNativeTarget section */
		F9BFD6B329AA791D003E1EA1 /* HotProspect */ = {
			isa = PBXNativeTarget;
			buildConfigurationList = F9BFD6C229AA7921003E1EA1 /* Build configuration list for PBXNativeTarget "HotProspect" */;
			buildPhases = (
				F9BFD6B029AA791D003E1EA1 /* Sources */,
				F9BFD6B129AA791D003E1EA1 /* Frameworks */,
				F9BFD6B229AA791D003E1EA1 /* Resources */,
			);
			buildRules = (
			);
			dependencies = (
			);
			name = HotProspect;
			packageProductDependencies = (
				F9BFD6C629AB71D7003E1EA1 /* SamplePackage */,
				F9BFD6CF29AB7BE2003E1EA1 /* CodeScanner */,
			);
			productName = HotProspect;
			productReference = F9BFD6B429AA791D003E1EA1 /* HotProspect.app */;
			productType = "com.apple.product-type.application";
		};
/* End PBXNativeTarget section */

/* Begin PBXProject section */
		F9BFD6AC29AA791D003E1EA1 /* Project object */ = {
			isa = PBXProject;
			attributes = {
				BuildIndependentTargetsInParallel = 1;
				LastSwiftUpdateCheck = 1320;
				LastUpgradeCheck = 1320;
				TargetAttributes = {
					F9BFD6B329AA791D003E1EA1 = {
						CreatedOnToolsVersion = 13.2;
					};
				};
			};
			buildConfigurationList = F9BFD6AF29AA791D003E1EA1 /* Build configuration list for PBXProject "HotProspect" */;
			compatibilityVersion = "Xcode 13.0";
			developmentRegion = en;
			hasScannedForEncodings = 0;
			knownRegions = (
				en,
				Base,
			);
			mainGroup = F9BFD6AB29AA791D003E1EA1;
			packageReferences = (
				F9BFD6C529AB71D7003E1EA1 /* XCRemoteSwiftPackageReference "SamplePackage" */,
				F9BFD6CE29AB7BE2003E1EA1 /* XCRemoteSwiftPackageReference "CodeScanner" */,
			);
			productRefGroup = F9BFD6B529AA791D003E1EA1 /* Products */;
			projectDirPath = "";
			projectRoot = "";
			targets = (
				F9BFD6B329AA791D003E1EA1 /* HotProspect */,
			);
		};
/* End PBXProject section */

/* Begin PBXResourcesBuildPhase section */
		F9BFD6B229AA791D003E1EA1 /* Resources */ = {
			isa = PBXResourcesBuildPhase;
			buildActionMask = 2147483647;
			files = (
				F9BFD6BF29AA7921003E1EA1 /* Preview Assets.xcassets in Resources */,
				F9BFD6BC29AA7921003E1EA1 /* Assets.xcassets in Resources */,
			);
			runOnlyForDeploymentPostprocessing = 0;
		};
/* End PBXResourcesBuildPhase section */

/* Begin PBXSourcesBuildPhase section */
		F9BFD6B029AA791D003E1EA1 /* Sources */ = {
			isa = PBXSourcesBuildPhase;
			buildActionMask = 2147483647;
			files = (
				F9BFD6CB29AB739E003E1EA1 /* MeView.swift in Sources */,
				F967591929AB922A00C79CBF /* FileManager-DocumentsDirectory.swift in Sources */,
				F9BFD6D229AB810A003E1EA1 /* ImageSaver.swift in Sources */,
				F9BFD6CD29AB7518003E1EA1 /* Prospect.swift in Sources */,
				F9BFD6C929AB7395003E1EA1 /* ProspectsView.swift in Sources */,
				F9BFD6BA29AA791D003E1EA1 /* ContentView.swift in Sources */,
				F9BFD6B829AA791D003E1EA1 /* HotProspectApp.swift in Sources */,
			);
			runOnlyForDeploymentPostprocessing = 0;
		};
/* End PBXSourcesBuildPhase section */

/* Begin XCBuildConfiguration section */
		F9BFD6C029AA7921003E1EA1 /* Debug */ = {
			isa = XCBuildConfiguration;
			buildSettings = {
				ALWAYS_SEARCH_USER_PATHS = NO;
				CLANG_ANALYZER_NONNULL = YES;
				CLANG_ANALYZER_NUMBER_OBJECT_CONVERSION = YES_AGGRESSIVE;
				CLANG_CXX_LANGUAGE_STANDARD = "gnu++17";
				CLANG_CXX_LIBRARY = "libc++";
				CLANG_ENABLE_MODULES = YES;
				CLANG_ENABLE_OBJC_ARC = YES;
				CLANG_ENABLE_OBJC_WEAK = YES;
				CLANG_WARN_BLOCK_CAPTURE_AUTORELEASING = YES;
				CLANG_WARN_BOOL_CONVERSION = YES;
				CLANG_WARN_COMMA = YES;
				CLANG_WARN_CONSTANT_CONVERSION = YES;
				CLANG_WARN_DEPRECATED_OBJC_IMPLEMENTATIONS = YES;
				CLANG_WARN_DIRECT_OBJC_ISA_USAGE = YES_ERROR;
				CLANG_WARN_DOCUMENTATION_COMMENTS = YES;
				CLANG_WARN_EMPTY_BODY = YES;
				CLANG_WARN_ENUM_CONVERSION = YES;
				CLANG_WARN_INFINITE_RECURSION = YES;
				CLANG_WARN_INT_CONVERSION = YES;
				CLANG_WARN_NON_LITERAL_NULL_CONVERSION = YES;
				CLANG_WARN_OBJC_IMPLICIT_RETAIN_SELF = YES;
				CLANG_WARN_OBJC_LITERAL_CONVERSION = YES;
				CLANG_WARN_OBJC_ROOT_CLASS = YES_ERROR;
				CLANG_WARN_QUOTED_INCLUDE_IN_FRAMEWORK_HEADER = YES;
				CLANG_WARN_RANGE_LOOP_ANALYSIS = YES;
				CLANG_WARN_STRICT_PROTOTYPES = YES;
				CLANG_WARN_SUSPICIOUS_MOVE = YES;
				CLANG_WARN_UNGUARDED_AVAILABILITY = YES_AGGRESSIVE;
				CLANG_WARN_UNREACHABLE_CODE = YES;
				CLANG_WARN__DUPLICATE_METHOD_MATCH = YES;
				COPY_PHASE_STRIP = NO;
				DEBUG_INFORMATION_FORMAT = dwarf;
				ENABLE_STRICT_OBJC_MSGSEND = YES;
				ENABLE_TESTABILITY = YES;
				GCC_C_LANGUAGE_STANDARD = gnu11;
				GCC_DYNAMIC_NO_PIC = NO;
				GCC_NO_COMMON_BLOCKS = YES;
				GCC_OPTIMIZATION_LEVEL = 0;
				GCC_PREPROCESSOR_DEFINITIONS = (
					"DEBUG=1",
					"$(inherited)",
				);
				GCC_WARN_64_TO_32_BIT_CONVERSION = YES;
				GCC_WARN_ABOUT_RETURN_TYPE = YES_ERROR;
				GCC_WARN_UNDECLARED_SELECTOR = YES;
				GCC_WARN_UNINITIALIZED_AUTOS = YES_AGGRESSIVE;
				GCC_WARN_UNUSED_FUNCTION = YES;
				GCC_WARN_UNUSED_VARIABLE = YES;
				IPHONEOS_DEPLOYMENT_TARGET = 15.2;
				MTL_ENABLE_DEBUG_INFO = INCLUDE_SOURCE;
				MTL_FAST_MATH = YES;
				ONLY_ACTIVE_ARCH = YES;
				SDKROOT = iphoneos;
				SWIFT_ACTIVE_COMPILATION_CONDITIONS = DEBUG;
				SWIFT_OPTIMIZATION_LEVEL = "-Onone";
			};
			name = Debug;
		};
		F9BFD6C129AA7921003E1EA1 /* Release */ = {
			isa = XCBuildConfiguration;
			buildSettings = {
				ALWAYS_SEARCH_USER_PATHS = NO;
				CLANG_ANALYZER_NONNULL = YES;
				CLANG_ANALYZER_NUMBER_OBJECT_CONVERSION = YES_AGGRESSIVE;
				CLANG_CXX_LANGUAGE_STANDARD = "gnu++17";
				CLANG_CXX_LIBRARY = "libc++";
				CLANG_ENABLE_MODULES = YES;
				CLANG_ENABLE_OBJC_ARC = YES;
				CLANG_ENABLE_OBJC_WEAK = YES;
				CLANG_WARN_BLOCK_CAPTURE_AUTORELEASING = YES;
				CLANG_WARN_BOOL_CONVERSION = YES;
				CLANG_WARN_COMMA = YES;
				CLANG_WARN_CONSTANT_CONVERSION = YES;
				CLANG_WARN_DEPRECATED_OBJC_IMPLEMENTATIONS = YES;
				CLANG_WARN_DIRECT_OBJC_ISA_USAGE = YES_ERROR;
				CLANG_WARN_DOCUMENTATION_COMMENTS = YES;
				CLANG_WARN_EMPTY_BODY = YES;
				CLANG_WARN_ENUM_CONVERSION = YES;
				CLANG_WARN_INFINITE_RECURSION = YES;
				CLANG_WARN_INT_CONVERSION = YES;
				CLANG_WARN_NON_LITERAL_NULL_CONVERSION = YES;
				CLANG_WARN_OBJC_IMPLICIT_RETAIN_SELF = YES;
				CLANG_WARN_OBJC_LITERAL_CONVERSION = YES;
				CLANG_WARN_OBJC_ROOT_CLASS = YES_ERROR;
				CLANG_WARN_QUOTED_INCLUDE_IN_FRAMEWORK_HEADER = YES;
				CLANG_WARN_RANGE_LOOP_ANALYSIS = YES;
				CLANG_WARN_STRICT_PROTOTYPES = YES;
				CLANG_WARN_SUSPICIOUS_MOVE = YES;
				CLANG_WARN_UNGUARDED_AVAILABILITY = YES_AGGRESSIVE;
				CLANG_WARN_UNREACHABLE_CODE = YES;
				CLANG_WARN__DUPLICATE_METHOD_MATCH = YES;
				COPY_PHASE_STRIP = NO;
				DEBUG_INFORMATION_FORMAT = "dwarf-with-dsym";
				ENABLE_NS_ASSERTIONS = NO;
				ENABLE_STRICT_OBJC_MSGSEND = YES;
				GCC_C_LANGUAGE_STANDARD = gnu11;
				GCC_NO_COMMON_BLOCKS = YES;
				GCC_WARN_64_TO_32_BIT_CONVERSION = YES;
				GCC_WARN_ABOUT_RETURN_TYPE = YES_ERROR;
				GCC_WARN_UNDECLARED_SELECTOR = YES;
				GCC_WARN_UNINITIALIZED_AUTOS = YES_AGGRESSIVE;
				GCC_WARN_UNUSED_FUNCTION = YES;
				GCC_WARN_UNUSED_VARIABLE = YES;
				IPHONEOS_DEPLOYMENT_TARGET = 15.2;
				MTL_ENABLE_DEBUG_INFO = NO;
				MTL_FAST_MATH = YES;
				SDKROOT = iphoneos;
				SWIFT_COMPILATION_MODE = wholemodule;
				SWIFT_OPTIMIZATION_LEVEL = "-O";
				VALIDATE_PRODUCT = YES;
			};
			name = Release;
		};
		F9BFD6C329AA7921003E1EA1 /* Debug */ = {
			isa = XCBuildConfiguration;
			buildSettings = {
				ASSETCATALOG_COMPILER_APPICON_NAME = AppIcon;
				ASSETCATALOG_COMPILER_GLOBAL_ACCENT_COLOR_NAME = AccentColor;
				CODE_SIGN_STYLE = Automatic;
				CURRENT_PROJECT_VERSION = 1;
				DEVELOPMENT_ASSET_PATHS = "\"HotProspect/Preview Content\"";
				DEVELOPMENT_TEAM = AWYS5CZRGR;
				ENABLE_PREVIEWS = YES;
				GENERATE_INFOPLIST_FILE = YES;
				INFOPLIST_KEY_NSCameraUsageDescription = "We need to scan QR codes";
				INFOPLIST_KEY_NSPhotoLibraryAddUsageDescription = "We want to save your QR code.";
				INFOPLIST_KEY_UIApplicationSceneManifest_Generation = YES;
				INFOPLIST_KEY_UIApplicationSupportsIndirectInputEvents = YES;
				INFOPLIST_KEY_UILaunchScreen_Generation = YES;
				INFOPLIST_KEY_UISupportedInterfaceOrientations_iPad = "UIInterfaceOrientationPortrait UIInterfaceOrientationPortraitUpsideDown UIInterfaceOrientationLandscapeLeft UIInterfaceOrientationLandscapeRight";
				INFOPLIST_KEY_UISupportedInterfaceOrientations_iPhone = "UIInterfaceOrientationPortrait UIInterfaceOrientationLandscapeLeft UIInterfaceOrientationLandscapeRight";
				LD_RUNPATH_SEARCH_PATHS = (
					"$(inherited)",
					"@executable_path/Frameworks",
				);
				MARKETING_VERSION = 1.0;
				PRODUCT_BUNDLE_IDENTIFIER = me.ricci.biagio.HotProspect;
				PRODUCT_NAME = "$(TARGET_NAME)";
				SWIFT_EMIT_LOC_STRINGS = YES;
				SWIFT_VERSION = 5.0;
				TARGETED_DEVICE_FAMILY = "1,2";
			};
			name = Debug;
		};
		F9BFD6C429AA7921003E1EA1 /* Release */ = {
			isa = XCBuildConfiguration;
			buildSettings = {
				ASSETCATALOG_COMPILER_APPICON_NAME = AppIcon;
				ASSETCATALOG_COMPILER_GLOBAL_ACCENT_COLOR_NAME = AccentColor;
				CODE_SIGN_STYLE = Automatic;
				CURRENT_PROJECT_VERSION = 1;
				DEVELOPMENT_ASSET_PATHS = "\"HotProspect/Preview Content\"";
				DEVELOPMENT_TEAM = AWYS5CZRGR;
				ENABLE_PREVIEWS = YES;
				GENERATE_INFOPLIST_FILE = YES;
				INFOPLIST_KEY_NSCameraUsageDescription = "We need to scan QR codes";
				INFOPLIST_KEY_NSPhotoLibraryAddUsageDescription = "We want to save your QR code.";
				INFOPLIST_KEY_UIApplicationSceneManifest_Generation = YES;
				INFOPLIST_KEY_UIApplicationSupportsIndirectInputEvents = YES;
				INFOPLIST_KEY_UILaunchScreen_Generation = YES;
				INFOPLIST_KEY_UISupportedInterfaceOrientations_iPad = "UIInterfaceOrientationPortrait UIInterfaceOrientationPortraitUpsideDown UIInterfaceOrientationLandscapeLeft UIInterfaceOrientationLandscapeRight";
				INFOPLIST_KEY_UISupportedInterfaceOrientations_iPhone = "UIInterfaceOrientationPortrait UIInterfaceOrientationLandscapeLeft UIInterfaceOrientationLandscapeRight";
				LD_RUNPATH_SEARCH_PATHS = (
					"$(inherited)",
					"@executable_path/Frameworks",
				);
				MARKETING_VERSION = 1.0;
				PRODUCT_BUNDLE_IDENTIFIER = me.ricci.biagio.HotProspect;
				PRODUCT_NAME = "$(TARGET_NAME)";
				SWIFT_EMIT_LOC_STRINGS = YES;
				SWIFT_VERSION = 5.0;
				TARGETED_DEVICE_FAMILY = "1,2";
			};
			name = Release;
		};
/* End XCBuildConfiguration section */

/* Begin XCConfigurationList section */
		F9BFD6AF29AA791D003E1EA1 /* Build configuration list for PBXProject "HotProspect" */ = {
			isa = XCConfigurationList;
			buildConfigurations = (
				F9BFD6C029AA7921003E1EA1 /* Debug */,
				F9BFD6C129AA7921003E1EA1 /* Release */,
			);
			defaultConfigurationIsVisible = 0;
			defaultConfigurationName = Release;
		};
		F9BFD6C229AA7921003E1EA1 /* Build configuration list for PBXNativeTarget "HotProspect" */ = {
			isa = XCConfigurationList;
			buildConfigurations = (
				F9BFD6C329AA7921003E1EA1 /* Debug */,
				F9BFD6C429AA7921003E1EA1 /* Release */,
			);
			defaultConfigurationIsVisible = 0;
			defaultConfigurationName = Release;
		};
/* End XCConfigurationList section */

/* Begin XCRemoteSwiftPackageReference section */
		F9BFD6C529AB71D7003E1EA1 /* XCRemoteSwiftPackageReference "SamplePackage" */ = {
			isa = XCRemoteSwiftPackageReference;
			repositoryURL = "https://github.com/twostraws/SamplePackage";
			requirement = {
				kind = upToNextMajorVersion;
				minimumVersion = 1.0.0;
			};
		};
		F9BFD6CE29AB7BE2003E1EA1 /* XCRemoteSwiftPackageReference "CodeScanner" */ = {
			isa = XCRemoteSwiftPackageReference;
			repositoryURL = "https://github.com/twostraws/CodeScanner";
			requirement = {
				kind = upToNextMajorVersion;
				minimumVersion = 2.0.0;
			};
		};
/* End XCRemoteSwiftPackageReference section */

/* Begin XCSwiftPackageProductDependency section */
		F9BFD6C629AB71D7003E1EA1 /* SamplePackage */ = {
			isa = XCSwiftPackageProductDependency;
			package = F9BFD6C529AB71D7003E1EA1 /* XCRemoteSwiftPackageReference "SamplePackage" */;
			productName = SamplePackage;
		};
		F9BFD6CF29AB7BE2003E1EA1 /* CodeScanner */ = {
			isa = XCSwiftPackageProductDependency;
			package = F9BFD6CE29AB7BE2003E1EA1 /* XCRemoteSwiftPackageReference "CodeScanner" */;
			productName = CodeScanner;
		};
/* End XCSwiftPackageProductDependency section */
	};
	rootObject = F9BFD6AC29AA791D003E1EA1 /* Project object */;
}
