{
  "object": {
    "pins": [
      {
        "package": "CodeScanner",
        "repositoryURL": "https://github.com/twostraws/CodeScanner",
        "state": {
          "branch": null,
          "revision": "88a61323cae0aa4e7056f122600e5d38fd305a77",
          "version": "2.3.0"
        }
      },
      {
        "package": "SamplePackage",
        "repositoryURL": "https://github.com/twostraws/SamplePackage",
        "state": {
          "branch": null,
          "revision": "f34f8498db05cf519000a9e5a6a14872ccc69ada",
          "version": "1.0.0"
        }
      }
    ]
  },
  "version": 1
}
